
Microsoft Visual Studio Solution File, Format Version 12.00
# Visual Studio Version 17
VisualStudioVersion = 17.4.33213.308
MinimumVisualStudioVersion = 10.0.40219.1
Project("{9A19103F-16F7-4668-BE54-9A1E7A4F7556}") = "Pri.Ca.Web", "Wba.MyfirstWebapp.Web\Pri.Ca.Web.csproj", "{62936BF8-BB28-4132-98BD-D46BA58E6862}"
EndProject
Project("{9A19103F-16F7-4668-BE54-9A1E7A4F7556}") = "Pri.Ca.Core", "Pri.Ca.Core\Pri.Ca.Core.csproj", "{61609C71-E91C-45A1-9686-65B0BD3F09A3}"
EndProject
Project("{9A19103F-16F7-4668-BE54-9A1E7A4F7556}") = "Pri.Ca.Infrastructure", "Pri.Ca.Infrastructure\Pri.Ca.Infrastructure.csproj", "{B76E548A-B372-4CE9-9E09-9B66C59FA45A}"
EndProject
Project("{9A19103F-16F7-4668-BE54-9A1E7A4F7556}") = "Pri.Ca.Api", "Pri.Ca.Api\Pri.Ca.Api.csproj", "{B43CB9D6-31CF-40FC-8930-9C640D918AA9}"
EndProject
Project("{9A19103F-16F7-4668-BE54-9A1E7A4F7556}") = "Pri.Vue.Web", "Pri.Vue.Web\Pri.Vue.Web.csproj", "{B9A17F89-EC21-45A4-8E2C-EE12FB4B45AF}"
EndProject
Global
	GlobalSection(SolutionConfigurationPlatforms) = preSolution
		Debug|Any CPU = Debug|Any CPU
		Release|Any CPU = Release|Any CPU
	EndGlobalSection
	GlobalSection(ProjectConfigurationPlatforms) = postSolution
		{62936BF8-BB28-4132-98BD-D46BA58E6862}.Debug|Any CPU.ActiveCfg = Debug|Any CPU
		{62936BF8-BB28-4132-98BD-D46BA58E6862}.Debug|Any CPU.Build.0 = Debug|Any CPU
		{62936BF8-BB28-4132-98BD-D46BA58E6862}.Release|Any CPU.ActiveCfg = Release|Any CPU
		{62936BF8-BB28-4132-98BD-D46BA58E6862}.Release|Any CPU.Build.0 = Release|Any CPU
		{61609C71-E91C-45A1-9686-65B0BD3F09A3}.Debug|Any CPU.ActiveCfg = Debug|Any CPU
		{61609C71-E91C-45A1-9686-65B0BD3F09A3}.Debug|Any CPU.Build.0 = Debug|Any CPU
		{61609C71-E91C-45A1-9686-65B0BD3F09A3}.Release|Any CPU.ActiveCfg = Release|Any CPU
		{61609C71-E91C-45A1-9686-65B0BD3F09A3}.Release|Any CPU.Build.0 = Release|Any CPU
		{B76E548A-B372-4CE9-9E09-9B66C59FA45A}.Debug|Any CPU.ActiveCfg = Debug|Any CPU
		{B76E548A-B372-4CE9-9E09-9B66C59FA45A}.Debug|Any CPU.Build.0 = Debug|Any CPU
		{B76E548A-B372-4CE9-9E09-9B66C59FA45A}.Release|Any CPU.ActiveCfg = Release|Any CPU
		{B76E548A-B372-4CE9-9E09-9B66C59FA45A}.Release|Any CPU.Build.0 = Release|Any CPU
		{B43CB9D6-31CF-40FC-8930-9C640D918AA9}.Debug|Any CPU.ActiveCfg = Debug|Any CPU
		{B43CB9D6-31CF-40FC-8930-9C640D918AA9}.Debug|Any CPU.Build.0 = Debug|Any CPU
		{B43CB9D6-31CF-40FC-8930-9C640D918AA9}.Release|Any CPU.ActiveCfg = Release|Any CPU
		{B43CB9D6-31CF-40FC-8930-9C640D918AA9}.Release|Any CPU.Build.0 = Release|Any CPU
		{B9A17F89-EC21-45A4-8E2C-EE12FB4B45AF}.Debug|Any CPU.ActiveCfg = Debug|Any CPU
		{B9A17F89-EC21-45A4-8E2C-EE12FB4B45AF}.Debug|Any CPU.Build.0 = Debug|Any CPU
		{B9A17F89-EC21-45A4-8E2C-EE12FB4B45AF}.Release|Any CPU.ActiveCfg = Release|Any CPU
		{B9A17F89-EC21-45A4-8E2C-EE12FB4B45AF}.Release|Any CPU.Build.0 = Release|Any CPU
	EndGlobalSection
	GlobalSection(SolutionProperties) = preSolution
		HideSolutionNode = FALSE
	EndGlobalSection
	GlobalSection(ExtensibilityGlobals) = postSolution
		SolutionGuid = {BB452A27-BDC7-4AC6-8719-7A334DA5D42A}
	EndGlobalSection
EndGlobal
